
Microsoft Visual Studio Solution File, Format Version 12.00
# Visual Studio Version 17
VisualStudioVersion = 17.4.33205.214
MinimumVisualStudioVersion = 10.0.40219.1
Project("{FAE04EC0-301F-11D3-BF4B-00C04F79EFBC}") = "Practice", "Practice\Practice.csproj", "{58FDB5BF-993B-4FF8-A572-2A9B452456DE}"
EndProject
Project("{FAE04EC0-301F-11D3-BF4B-00C04F79EFBC}") = "ServiceLayer", "ServiceLayer\ServiceLayer.csproj", "{68283DB3-12FA-4EA3-BA2A-DBFFCBE8EE83}"
EndProject
Global
	GlobalSection(SolutionConfigurationPlatforms) = preSolution
		Debug|Any CPU = Debug|Any CPU
		Release|Any CPU = Release|Any CPU
	EndGlobalSection
	GlobalSection(ProjectConfigurationPlatforms) = postSolution
		{58FDB5BF-993B-4FF8-A572-2A9B452456DE}.Debug|Any CPU.ActiveCfg = Debug|Any CPU
		{58FDB5BF-993B-4FF8-A572-2A9B452456DE}.Debug|Any CPU.Build.0 = Debug|Any CPU
		{58FDB5BF-993B-4FF8-A572-2A9B452456DE}.Release|Any CPU.ActiveCfg = Release|Any CPU
		{58FDB5BF-993B-4FF8-A572-2A9B452456DE}.Release|Any CPU.Build.0 = Release|Any CPU
		{68283DB3-12FA-4EA3-BA2A-DBFFCBE8EE83}.Debug|Any CPU.ActiveCfg = Debug|Any CPU
		{68283DB3-12FA-4EA3-BA2A-DBFFCBE8EE83}.Debug|Any CPU.Build.0 = Debug|Any CPU
		{68283DB3-12FA-4EA3-BA2A-DBFFCBE8EE83}.Release|Any CPU.ActiveCfg = Release|Any CPU
		{68283DB3-12FA-4EA3-BA2A-DBFFCBE8EE83}.Release|Any CPU.Build.0 = Release|Any CPU
	EndGlobalSection
	GlobalSection(SolutionProperties) = preSolution
		HideSolutionNode = FALSE
	EndGlobalSection
	GlobalSection(ExtensibilityGlobals) = postSolution
		SolutionGuid = {39E534B3-B659-4EAE-B83C-80A13179EC6F}
	EndGlobalSection
EndGlobal
